
Microsoft Visual Studio Solution File, Format Version 12.00
# Visual Studio 15
VisualStudioVersion = 15.0.26430.16
MinimumVisualStudioVersion = 10.0.40219.1
Project("{FAE04EC0-301F-11D3-BF4B-00C04F79EFBC}") = "deployTool", "deployTool\deployTool.csproj", "{F7ABE6A3-0A07-4010-9DA9-20B759CB9399}"
EndProject
Project("{2150E333-8FDC-42A3-9474-1A3956D46DE8}") = "Solution Items", "Solution Items", "{3E45A8C1-F369-47C5-BB98-0D71C11D005C}"
	ProjectSection(SolutionItems) = preProject
		README.md = README.md
	EndProjectSection
EndProject
Global
	GlobalSection(SolutionConfigurationPlatforms) = preSolution
		Debug|Any CPU = Debug|Any CPU
		Release|Any CPU = Release|Any CPU
	EndGlobalSection
	GlobalSection(ProjectConfigurationPlatforms) = postSolution
		{F7ABE6A3-0A07-4010-9DA9-20B759CB9399}.Debug|Any CPU.ActiveCfg = Debug|Any CPU
		{F7ABE6A3-0A07-4010-9DA9-20B759CB9399}.Debug|Any CPU.Build.0 = Debug|Any CPU
		{F7ABE6A3-0A07-4010-9DA9-20B759CB9399}.Release|Any CPU.ActiveCfg = Release|Any CPU
		{F7ABE6A3-0A07-4010-9DA9-20B759CB9399}.Release|Any CPU.Build.0 = Release|Any CPU
	EndGlobalSection
	GlobalSection(SolutionProperties) = preSolution
		HideSolutionNode = FALSE
	EndGlobalSection
EndGlobal
